
Microsoft Visual Studio Solution File, Format Version 12.00
# Visual Studio Version 17
VisualStudioVersion = 17.3.32922.545
MinimumVisualStudioVersion = 10.0.40219.1
Project("{8BC9CEB8-8B4A-11D0-8D11-00A0C91BC942}") = "AviaSalesExam", "AviaSalesExam\AviaSalesExam.vcxproj", "{C97CAF18-E715-4B64-A492-849FCF442711}"
EndProject
Project("{8BC9CEB8-8B4A-11D0-8D11-00A0C91BC942}") = "Admin", "Admin\Admin.vcxproj", "{76661268-2010-433C-B078-BDEE43962CC2}"
EndProject
Project("{8BC9CEB8-8B4A-11D0-8D11-00A0C91BC942}") = "Operator", "Operator\Operator.vcxproj", "{A065B357-9F92-4F05-86A2-0830E4E2F051}"
EndProject
Project("{8BC9CEB8-8B4A-11D0-8D11-00A0C91BC942}") = "Users", "Users\Users.vcxproj", "{37C9BDE9-1B8F-4956-9567-1194FB37D42F}"
EndProject
Global
	GlobalSection(SolutionConfigurationPlatforms) = preSolution
		Debug|x64 = Debug|x64
		Debug|x86 = Debug|x86
		Release|x64 = Release|x64
		Release|x86 = Release|x86
	EndGlobalSection
	GlobalSection(ProjectConfigurationPlatforms) = postSolution
		{C97CAF18-E715-4B64-A492-849FCF442711}.Debug|x64.ActiveCfg = Debug|x64
		{C97CAF18-E715-4B64-A492-849FCF442711}.Debug|x64.Build.0 = Debug|x64
		{C97CAF18-E715-4B64-A492-849FCF442711}.Debug|x86.ActiveCfg = Debug|Win32
		{C97CAF18-E715-4B64-A492-849FCF442711}.Debug|x86.Build.0 = Debug|Win32
		{C97CAF18-E715-4B64-A492-849FCF442711}.Release|x64.ActiveCfg = Release|x64
		{C97CAF18-E715-4B64-A492-849FCF442711}.Release|x64.Build.0 = Release|x64
		{C97CAF18-E715-4B64-A492-849FCF442711}.Release|x86.ActiveCfg = Release|Win32
		{C97CAF18-E715-4B64-A492-849FCF442711}.Release|x86.Build.0 = Release|Win32
		{76661268-2010-433C-B078-BDEE43962CC2}.Debug|x64.ActiveCfg = Debug|x64
		{76661268-2010-433C-B078-BDEE43962CC2}.Debug|x64.Build.0 = Debug|x64
		{76661268-2010-433C-B078-BDEE43962CC2}.Debug|x86.ActiveCfg = Debug|Win32
		{76661268-2010-433C-B078-BDEE43962CC2}.Debug|x86.Build.0 = Debug|Win32
		{76661268-2010-433C-B078-BDEE43962CC2}.Release|x64.ActiveCfg = Release|x64
		{76661268-2010-433C-B078-BDEE43962CC2}.Release|x64.Build.0 = Release|x64
		{76661268-2010-433C-B078-BDEE43962CC2}.Release|x86.ActiveCfg = Release|Win32
		{76661268-2010-433C-B078-BDEE43962CC2}.Release|x86.Build.0 = Release|Win32
		{A065B357-9F92-4F05-86A2-0830E4E2F051}.Debug|x64.ActiveCfg = Debug|x64
		{A065B357-9F92-4F05-86A2-0830E4E2F051}.Debug|x64.Build.0 = Debug|x64
		{A065B357-9F92-4F05-86A2-0830E4E2F051}.Debug|x86.ActiveCfg = Debug|Win32
		{A065B357-9F92-4F05-86A2-0830E4E2F051}.Debug|x86.Build.0 = Debug|Win32
		{A065B357-9F92-4F05-86A2-0830E4E2F051}.Release|x64.ActiveCfg = Release|x64
		{A065B357-9F92-4F05-86A2-0830E4E2F051}.Release|x64.Build.0 = Release|x64
		{A065B357-9F92-4F05-86A2-0830E4E2F051}.Release|x86.ActiveCfg = Release|Win32
		{A065B357-9F92-4F05-86A2-0830E4E2F051}.Release|x86.Build.0 = Release|Win32
		{37C9BDE9-1B8F-4956-9567-1194FB37D42F}.Debug|x64.ActiveCfg = Debug|x64
		{37C9BDE9-1B8F-4956-9567-1194FB37D42F}.Debug|x64.Build.0 = Debug|x64
		{37C9BDE9-1B8F-4956-9567-1194FB37D42F}.Debug|x86.ActiveCfg = Debug|Win32
		{37C9BDE9-1B8F-4956-9567-1194FB37D42F}.Debug|x86.Build.0 = Debug|Win32
		{37C9BDE9-1B8F-4956-9567-1194FB37D42F}.Release|x64.ActiveCfg = Release|x64
		{37C9BDE9-1B8F-4956-9567-1194FB37D42F}.Release|x64.Build.0 = Release|x64
		{37C9BDE9-1B8F-4956-9567-1194FB37D42F}.Release|x86.ActiveCfg = Release|Win32
		{37C9BDE9-1B8F-4956-9567-1194FB37D42F}.Release|x86.Build.0 = Release|Win32
	EndGlobalSection
	GlobalSection(SolutionProperties) = preSolution
		HideSolutionNode = FALSE
	EndGlobalSection
	GlobalSection(ExtensibilityGlobals) = postSolution
		SolutionGuid = {683A715B-3F04-4E58-A35C-23A9FA4A6A9D}
	EndGlobalSection
EndGlobal
